
Microsoft Visual Studio Solution File, Format Version 12.00
# Visual Studio Version 17
VisualStudioVersion = 17.8.34309.116
MinimumVisualStudioVersion = 10.0.40219.1
Project("{9A19103F-16F7-4668-BE54-9A1E7A4F7556}") = "Fixie.Integration", "Fixie.Integration\Fixie.Integration.csproj", "{C4D6BC53-4248-472F-9544-5E98E49880CC}"
EndProject
Project("{9A19103F-16F7-4668-BE54-9A1E7A4F7556}") = "DefaultConvention.Tests", "DefaultConvention.Tests\DefaultConvention.Tests.csproj", "{BD25957F-14B9-4692-94F5-8FD47D62BA7A}"
EndProject
Project("{9A19103F-16F7-4668-BE54-9A1E7A4F7556}") = "CustomConvention.Tests", "CustomConvention.Tests\CustomConvention.Tests.csproj", "{C9BBFA9F-2407-4919-9DF1-991230850078}"
EndProject
Project("{6EC3EE1D-3C4E-46DD-8F32-0CC8E7565705}") = "FSharp.Tests", "FSharp.Tests\FSharp.Tests.fsproj", "{7F223D0F-1993-4AF6-94FB-9D25CEFD8C25}"
EndProject
Project("{2150E333-8FDC-42A3-9474-1A3956D46DE8}") = "Solution Items", "Solution Items", "{BDEFA2A9-9046-41A4-9995-A597AF8C612C}"
	ProjectSection(SolutionItems) = preProject
		Directory.Build.props = Directory.Build.props
	EndProjectSection
EndProject
Global
	GlobalSection(SolutionConfigurationPlatforms) = preSolution
		Debug|Any CPU = Debug|Any CPU
		Release|Any CPU = Release|Any CPU
	EndGlobalSection
	GlobalSection(ProjectConfigurationPlatforms) = postSolution
		{C4D6BC53-4248-472F-9544-5E98E49880CC}.Debug|Any CPU.ActiveCfg = Debug|Any CPU
		{C4D6BC53-4248-472F-9544-5E98E49880CC}.Debug|Any CPU.Build.0 = Debug|Any CPU
		{C4D6BC53-4248-472F-9544-5E98E49880CC}.Release|Any CPU.ActiveCfg = Release|Any CPU
		{C4D6BC53-4248-472F-9544-5E98E49880CC}.Release|Any CPU.Build.0 = Release|Any CPU
		{BD25957F-14B9-4692-94F5-8FD47D62BA7A}.Debug|Any CPU.ActiveCfg = Debug|Any CPU
		{BD25957F-14B9-4692-94F5-8FD47D62BA7A}.Debug|Any CPU.Build.0 = Debug|Any CPU
		{BD25957F-14B9-4692-94F5-8FD47D62BA7A}.Release|Any CPU.ActiveCfg = Release|Any CPU
		{BD25957F-14B9-4692-94F5-8FD47D62BA7A}.Release|Any CPU.Build.0 = Release|Any CPU
		{C9BBFA9F-2407-4919-9DF1-991230850078}.Debug|Any CPU.ActiveCfg = Debug|Any CPU
		{C9BBFA9F-2407-4919-9DF1-991230850078}.Debug|Any CPU.Build.0 = Debug|Any CPU
		{C9BBFA9F-2407-4919-9DF1-991230850078}.Release|Any CPU.ActiveCfg = Release|Any CPU
		{C9BBFA9F-2407-4919-9DF1-991230850078}.Release|Any CPU.Build.0 = Release|Any CPU
		{7F223D0F-1993-4AF6-94FB-9D25CEFD8C25}.Debug|Any CPU.ActiveCfg = Debug|Any CPU
		{7F223D0F-1993-4AF6-94FB-9D25CEFD8C25}.Debug|Any CPU.Build.0 = Debug|Any CPU
		{7F223D0F-1993-4AF6-94FB-9D25CEFD8C25}.Release|Any CPU.ActiveCfg = Release|Any CPU
		{7F223D0F-1993-4AF6-94FB-9D25CEFD8C25}.Release|Any CPU.Build.0 = Release|Any CPU
	EndGlobalSection
	GlobalSection(SolutionProperties) = preSolution
		HideSolutionNode = FALSE
	EndGlobalSection
	GlobalSection(ExtensibilityGlobals) = postSolution
		SolutionGuid = {DC5BEE05-9F32-4764-9435-4D39905590D0}
	EndGlobalSection
EndGlobal
