
Microsoft Visual Studio Solution File, Format Version 12.00
# Visual Studio 15
VisualStudioVersion = 15.0.27130.2036
MinimumVisualStudioVersion = 10.0.40219.1
Project("{9A19103F-16F7-4668-BE54-9A1E7A4F7556}") = "Fixie.Integration", "Fixie.Integration\Fixie.Integration.csproj", "{C4D6BC53-4248-472F-9544-5E98E49880CC}"
EndProject
Project("{9A19103F-16F7-4668-BE54-9A1E7A4F7556}") = "DefaultConvention.Tests", "DefaultConvention.Tests\DefaultConvention.Tests.csproj", "{BD25957F-14B9-4692-94F5-8FD47D62BA7A}"
EndProject
Project("{9A19103F-16F7-4668-BE54-9A1E7A4F7556}") = "CustomConvention.Tests", "CustomConvention.Tests\CustomConvention.Tests.csproj", "{C9BBFA9F-2407-4919-9DF1-991230850078}"
EndProject
Project("{9A19103F-16F7-4668-BE54-9A1E7A4F7556}") = "x64.Tests", "x64.Tests\x64.Tests.csproj", "{F12DB47E-05D5-4D30-A4B4-D1D9FED3825C}"
EndProject
Project("{9A19103F-16F7-4668-BE54-9A1E7A4F7556}") = "x86.Tests", "x86.Tests\x86.Tests.csproj", "{A9DADF40-9B21-4FB2-AEF4-05F6534ED292}"
EndProject
Project("{9A19103F-16F7-4668-BE54-9A1E7A4F7556}") = "IoC.Tests", "IoC.Tests\IoC.Tests.csproj", "{1138B308-E461-4D1B-BF52-058495A273AA}"
EndProject
Project("{9A19103F-16F7-4668-BE54-9A1E7A4F7556}") = "MbUnitStyle.Tests", "MbUnitStyle.Tests\MbUnitStyle.Tests.csproj", "{18DA761E-8FD2-4295-9807-0E51AA9EED96}"
EndProject
Project("{9A19103F-16F7-4668-BE54-9A1E7A4F7556}") = "NUnitStyle.Tests", "NUnitStyle.Tests\NUnitStyle.Tests.csproj", "{EF0334B5-3B76-43C5-8234-4B21CB899134}"
EndProject
Project("{9A19103F-16F7-4668-BE54-9A1E7A4F7556}") = "xUnitStyle.Tests", "xUnitStyle.Tests\xUnitStyle.Tests.csproj", "{D27CB3B5-9273-40C0-B1E7-ACD1296D374B}"
EndProject
Project("{9A19103F-16F7-4668-BE54-9A1E7A4F7556}") = "Inclusive.Tests", "Inclusive.Tests\Inclusive.Tests.csproj", "{889A52A0-088C-4488-BC17-0EBEA8B48A30}"
EndProject
Project("{6EC3EE1D-3C4E-46DD-8F32-0CC8E7565705}") = "FSharp.Tests", "FSharp.Tests\FSharp.Tests.fsproj", "{7F223D0F-1993-4AF6-94FB-9D25CEFD8C25}"
EndProject
Global
	GlobalSection(SolutionConfigurationPlatforms) = preSolution
		Debug|Any CPU = Debug|Any CPU
		Release|Any CPU = Release|Any CPU
	EndGlobalSection
	GlobalSection(ProjectConfigurationPlatforms) = postSolution
		{C4D6BC53-4248-472F-9544-5E98E49880CC}.Debug|Any CPU.ActiveCfg = Debug|Any CPU
		{C4D6BC53-4248-472F-9544-5E98E49880CC}.Debug|Any CPU.Build.0 = Debug|Any CPU
		{C4D6BC53-4248-472F-9544-5E98E49880CC}.Release|Any CPU.ActiveCfg = Release|Any CPU
		{C4D6BC53-4248-472F-9544-5E98E49880CC}.Release|Any CPU.Build.0 = Release|Any CPU
		{BD25957F-14B9-4692-94F5-8FD47D62BA7A}.Debug|Any CPU.ActiveCfg = Debug|Any CPU
		{BD25957F-14B9-4692-94F5-8FD47D62BA7A}.Debug|Any CPU.Build.0 = Debug|Any CPU
		{BD25957F-14B9-4692-94F5-8FD47D62BA7A}.Release|Any CPU.ActiveCfg = Release|Any CPU
		{BD25957F-14B9-4692-94F5-8FD47D62BA7A}.Release|Any CPU.Build.0 = Release|Any CPU
		{C9BBFA9F-2407-4919-9DF1-991230850078}.Debug|Any CPU.ActiveCfg = Debug|Any CPU
		{C9BBFA9F-2407-4919-9DF1-991230850078}.Debug|Any CPU.Build.0 = Debug|Any CPU
		{C9BBFA9F-2407-4919-9DF1-991230850078}.Release|Any CPU.ActiveCfg = Release|Any CPU
		{C9BBFA9F-2407-4919-9DF1-991230850078}.Release|Any CPU.Build.0 = Release|Any CPU
		{F12DB47E-05D5-4D30-A4B4-D1D9FED3825C}.Debug|Any CPU.ActiveCfg = Debug|Any CPU
		{F12DB47E-05D5-4D30-A4B4-D1D9FED3825C}.Debug|Any CPU.Build.0 = Debug|Any CPU
		{F12DB47E-05D5-4D30-A4B4-D1D9FED3825C}.Release|Any CPU.ActiveCfg = Release|Any CPU
		{F12DB47E-05D5-4D30-A4B4-D1D9FED3825C}.Release|Any CPU.Build.0 = Release|Any CPU
		{A9DADF40-9B21-4FB2-AEF4-05F6534ED292}.Debug|Any CPU.ActiveCfg = Debug|Any CPU
		{A9DADF40-9B21-4FB2-AEF4-05F6534ED292}.Debug|Any CPU.Build.0 = Debug|Any CPU
		{A9DADF40-9B21-4FB2-AEF4-05F6534ED292}.Release|Any CPU.ActiveCfg = Release|Any CPU
		{A9DADF40-9B21-4FB2-AEF4-05F6534ED292}.Release|Any CPU.Build.0 = Release|Any CPU
		{1138B308-E461-4D1B-BF52-058495A273AA}.Debug|Any CPU.ActiveCfg = Debug|Any CPU
		{1138B308-E461-4D1B-BF52-058495A273AA}.Debug|Any CPU.Build.0 = Debug|Any CPU
		{1138B308-E461-4D1B-BF52-058495A273AA}.Release|Any CPU.ActiveCfg = Release|Any CPU
		{1138B308-E461-4D1B-BF52-058495A273AA}.Release|Any CPU.Build.0 = Release|Any CPU
		{18DA761E-8FD2-4295-9807-0E51AA9EED96}.Debug|Any CPU.ActiveCfg = Debug|Any CPU
		{18DA761E-8FD2-4295-9807-0E51AA9EED96}.Debug|Any CPU.Build.0 = Debug|Any CPU
		{18DA761E-8FD2-4295-9807-0E51AA9EED96}.Release|Any CPU.ActiveCfg = Release|Any CPU
		{18DA761E-8FD2-4295-9807-0E51AA9EED96}.Release|Any CPU.Build.0 = Release|Any CPU
		{EF0334B5-3B76-43C5-8234-4B21CB899134}.Debug|Any CPU.ActiveCfg = Debug|Any CPU
		{EF0334B5-3B76-43C5-8234-4B21CB899134}.Debug|Any CPU.Build.0 = Debug|Any CPU
		{EF0334B5-3B76-43C5-8234-4B21CB899134}.Release|Any CPU.ActiveCfg = Release|Any CPU
		{EF0334B5-3B76-43C5-8234-4B21CB899134}.Release|Any CPU.Build.0 = Release|Any CPU
		{D27CB3B5-9273-40C0-B1E7-ACD1296D374B}.Debug|Any CPU.ActiveCfg = Debug|Any CPU
		{D27CB3B5-9273-40C0-B1E7-ACD1296D374B}.Debug|Any CPU.Build.0 = Debug|Any CPU
		{D27CB3B5-9273-40C0-B1E7-ACD1296D374B}.Release|Any CPU.ActiveCfg = Release|Any CPU
		{D27CB3B5-9273-40C0-B1E7-ACD1296D374B}.Release|Any CPU.Build.0 = Release|Any CPU
		{889A52A0-088C-4488-BC17-0EBEA8B48A30}.Debug|Any CPU.ActiveCfg = Debug|Any CPU
		{889A52A0-088C-4488-BC17-0EBEA8B48A30}.Debug|Any CPU.Build.0 = Debug|Any CPU
		{889A52A0-088C-4488-BC17-0EBEA8B48A30}.Release|Any CPU.ActiveCfg = Release|Any CPU
		{889A52A0-088C-4488-BC17-0EBEA8B48A30}.Release|Any CPU.Build.0 = Release|Any CPU
		{7F223D0F-1993-4AF6-94FB-9D25CEFD8C25}.Debug|Any CPU.ActiveCfg = Debug|Any CPU
		{7F223D0F-1993-4AF6-94FB-9D25CEFD8C25}.Debug|Any CPU.Build.0 = Debug|Any CPU
		{7F223D0F-1993-4AF6-94FB-9D25CEFD8C25}.Release|Any CPU.ActiveCfg = Release|Any CPU
		{7F223D0F-1993-4AF6-94FB-9D25CEFD8C25}.Release|Any CPU.Build.0 = Release|Any CPU
	EndGlobalSection
	GlobalSection(SolutionProperties) = preSolution
		HideSolutionNode = FALSE
	EndGlobalSection
	GlobalSection(ExtensibilityGlobals) = postSolution
		SolutionGuid = {DC5BEE05-9F32-4764-9435-4D39905590D0}
	EndGlobalSection
EndGlobal
